# This file is automatically @generated by Cargo.
# It is not intended for manual editing.
version = 3

[[package]]
name = "day1"
version = "0.1.0"

[[package]]
name = "day10"
version = "0.1.0"

[[package]]
name = "day11"
version = "0.1.0"
dependencies = [
 "ethnum",
]

[[package]]
name = "day2"
version = "0.1.0"

[[package]]
name = "day3"
version = "0.1.0"

[[package]]
name = "day4"
version = "0.1.0"

[[package]]
name = "day5"
version = "0.1.0"

[[package]]
name = "day6"
version = "0.1.0"

[[package]]
name = "day7"
version = "0.1.0"

[[package]]
name = "day8"
version = "0.1.0"

[[package]]
name = "day9"
version = "0.1.0"

[[package]]
name = "ethnum"
version = "1.3.2"
source = "registry+https://github.com/rust-lang/crates.io-index"
checksum = "0198b9d0078e0f30dedc7acbb21c974e838fc8fae3ee170128658a98cb2c1c04"
dependencies = [
 "ethnum-macros",
]

[[package]]
name = "ethnum-macros"
version = "1.1.0"
source = "registry+https://github.com/rust-lang/crates.io-index"
checksum = "ba69ba11ab069d2f946bb46a199630ad6680fa3ecdc87a62c7477f9916095841"
